
Microsoft Visual Studio Solution File, Format Version 12.00
# Visual Studio Version 17
VisualStudioVersion = 17.4.33213.308
MinimumVisualStudioVersion = 10.0.40219.1
Project("{9A19103F-16F7-4668-BE54-9A1E7A4F7556}") = "ConsultaService", "ConsultaService\ConsultaService.csproj", "{B7DD4A1C-6372-4F95-A79C-5FB3DBA3AE20}"
EndProject
Project("{FAE04EC0-301F-11D3-BF4B-00C04F79EFBC}") = "EnfermeiroService", "EnfermeiroService\EnfermeiroService.csproj", "{F115EDC6-CD99-47C0-8430-82D7C30B422B}"
EndProject
Global
	GlobalSection(SolutionConfigurationPlatforms) = preSolution
		Debug|Any CPU = Debug|Any CPU
		Release|Any CPU = Release|Any CPU
	EndGlobalSection
	GlobalSection(ProjectConfigurationPlatforms) = postSolution
		{B7DD4A1C-6372-4F95-A79C-5FB3DBA3AE20}.Debug|Any CPU.ActiveCfg = Debug|Any CPU
		{B7DD4A1C-6372-4F95-A79C-5FB3DBA3AE20}.Debug|Any CPU.Build.0 = Debug|Any CPU
		{B7DD4A1C-6372-4F95-A79C-5FB3DBA3AE20}.Release|Any CPU.ActiveCfg = Release|Any CPU
		{B7DD4A1C-6372-4F95-A79C-5FB3DBA3AE20}.Release|Any CPU.Build.0 = Release|Any CPU
		{F115EDC6-CD99-47C0-8430-82D7C30B422B}.Debug|Any CPU.ActiveCfg = Debug|Any CPU
		{F115EDC6-CD99-47C0-8430-82D7C30B422B}.Debug|Any CPU.Build.0 = Debug|Any CPU
		{F115EDC6-CD99-47C0-8430-82D7C30B422B}.Release|Any CPU.ActiveCfg = Release|Any CPU
		{F115EDC6-CD99-47C0-8430-82D7C30B422B}.Release|Any CPU.Build.0 = Release|Any CPU
	EndGlobalSection
	GlobalSection(SolutionProperties) = preSolution
		HideSolutionNode = FALSE
	EndGlobalSection
	GlobalSection(ExtensibilityGlobals) = postSolution
		SolutionGuid = {76CAFA2E-8790-4DD0-80DF-0AE2F814B21F}
	EndGlobalSection
EndGlobal
